// !$*UTF8*$!
{
	archiveVersion = 1;
	classes = {
	};
	objectVersion = 46;
	objects = {

/* Begin PBXBuildFile section */
		775F4A4C18E2F9B700B79FEF /* Foundation.framework in Frameworks */ = {isa = PBXBuildFile; fileRef = 775F4A4B18E2F9B700B79FEF /* Foundation.framework */; };
		775F4A4E18E2F9B700B79FEF /* CoreGraphics.framework in Frameworks */ = {isa = PBXBuildFile; fileRef = 775F4A4D18E2F9B700B79FEF /* CoreGraphics.framework */; };
		775F4A5018E2F9B700B79FEF /* UIKit.framework in Frameworks */ = {isa = PBXBuildFile; fileRef = 775F4A4F18E2F9B700B79FEF /* UIKit.framework */; };
		775F4A5218E2F9B700B79FEF /* CoreData.framework in Frameworks */ = {isa = PBXBuildFile; fileRef = 775F4A5118E2F9B700B79FEF /* CoreData.framework */; };
		775F4A5818E2F9B800B79FEF /* InfoPlist.strings in Resources */ = {isa = PBXBuildFile; fileRef = 775F4A5618E2F9B800B79FEF /* InfoPlist.strings */; };
		775F4A5A18E2F9B800B79FEF /* main.m in Sources */ = {isa = PBXBuildFile; fileRef = 775F4A5918E2F9B800B79FEF /* main.m */; };
		775F4A5E18E2F9B800B79FEF /* AppDelegate.m in Sources */ = {isa = PBXBuildFile; fileRef = 775F4A5D18E2F9B800B79FEF /* AppDelegate.m */; };
		775F4A6118E2F9B800B79FEF /* CoreDataAppTest.xcdatamodeld in Sources */ = {isa = PBXBuildFile; fileRef = 775F4A5F18E2F9B800B79FEF /* CoreDataAppTest.xcdatamodeld */; };
		775F4A6318E2F9B800B79FEF /* Images.xcassets in Resources */ = {isa = PBXBuildFile; fileRef = 775F4A6218E2F9B800B79FEF /* Images.xcassets */; };
		775F4A6A18E2F9B800B79FEF /* XCTest.framework in Frameworks */ = {isa = PBXBuildFile; fileRef = 775F4A6918E2F9B800B79FEF /* XCTest.framework */; };
		775F4A6B18E2F9B800B79FEF /* Foundation.framework in Frameworks */ = {isa = PBXBuildFile; fileRef = 775F4A4B18E2F9B700B79FEF /* Foundation.framework */; };
		775F4A6C18E2F9B800B79FEF /* UIKit.framework in Frameworks */ = {isa = PBXBuildFile; fileRef = 775F4A4F18E2F9B700B79FEF /* UIKit.framework */; };
		775F4A6D18E2F9B800B79FEF /* CoreData.framework in Frameworks */ = {isa = PBXBuildFile; fileRef = 775F4A5118E2F9B700B79FEF /* CoreData.framework */; };
		775F4A7518E2F9B800B79FEF /* InfoPlist.strings in Resources */ = {isa = PBXBuildFile; fileRef = 775F4A7318E2F9B800B79FEF /* InfoPlist.strings */; };
		775F4A7718E2F9B800B79FEF /* CoreDataAppTestTests.m in Sources */ = {isa = PBXBuildFile; fileRef = 775F4A7618E2F9B800B79FEF /* CoreDataAppTestTests.m */; };
/* End PBXBuildFile section */

/* Begin PBXContainerItemProxy section */
		775F4A6E18E2F9B800B79FEF /* PBXContainerItemProxy */ = {
			isa = PBXContainerItemProxy;
			containerPortal = 775F4A4018E2F9B700B79FEF /* Project object */;
			proxyType = 1;
			remoteGlobalIDString = 775F4A4718E2F9B700B79FEF;
			remoteInfo = CoreDataAppTest;
		};
/* End PBXContainerItemProxy section */

/* Begin PBXFileReference section */
		775F4A4818E2F9B700B79FEF /* CoreDataAppTest.app */ = {isa = PBXFileReference; explicitFileType = wrapper.application; includeInIndex = 0; path = CoreDataAppTest.app; sourceTree = BUILT_PRODUCTS_DIR; };
		775F4A4B18E2F9B700B79FEF /* Foundation.framework */ = {isa = PBXFileReference; lastKnownFileType = wrapper.framework; name = Foundation.framework; path = System/Library/Frameworks/Foundation.framework; sourceTree = SDKROOT; };
		775F4A4D18E2F9B700B79FEF /* CoreGraphics.framework */ = {isa = PBXFileReference; lastKnownFileType = wrapper.framework; name = CoreGraphics.framework; path = System/Library/Frameworks/CoreGraphics.framework; sourceTree = SDKROOT; };
		775F4A4F18E2F9B700B79FEF /* UIKit.framework */ = {isa = PBXFileReference; lastKnownFileType = wrapper.framework; name = UIKit.framework; path = System/Library/Frameworks/UIKit.framework; sourceTree = SDKROOT; };
		775F4A5118E2F9B700B79FEF /* CoreData.framework */ = {isa = PBXFileReference; lastKnownFileType = wrapper.framework; name = CoreData.framework; path = System/Library/Frameworks/CoreData.framework; sourceTree = SDKROOT; };
		775F4A5518E2F9B700B79FEF /* CoreDataAppTest-Info.plist */ = {isa = PBXFileReference; lastKnownFileType = text.plist.xml; path = "CoreDataAppTest-Info.plist"; sourceTree = "<group>"; };
		775F4A5718E2F9B800B79FEF /* en */ = {isa = PBXFileReference; lastKnownFileType = text.plist.strings; name = en; path = en.lproj/InfoPlist.strings; sourceTree = "<group>"; };
		775F4A5918E2F9B800B79FEF /* main.m */ = {isa = PBXFileReference; lastKnownFileType = sourcecode.c.objc; path = main.m; sourceTree = "<group>"; };
		775F4A5B18E2F9B800B79FEF /* CoreDataAppTest-Prefix.pch */ = {isa = PBXFileReference; lastKnownFileType = sourcecode.c.h; path = "CoreDataAppTest-Prefix.pch"; sourceTree = "<group>"; };
		775F4A5C18E2F9B800B79FEF /* AppDelegate.h */ = {isa = PBXFileReference; lastKnownFileType = sourcecode.c.h; path = AppDelegate.h; sourceTree = "<group>"; };
		775F4A5D18E2F9B800B79FEF /* AppDelegate.m */ = {isa = PBXFileReference; lastKnownFileType = sourcecode.c.objc; path = AppDelegate.m; sourceTree = "<group>"; };
		775F4A6018E2F9B800B79FEF /* CoreDataAppTest.xcdatamodel */ = {isa = PBXFileReference; lastKnownFileType = wrapper.xcdatamodel; path = CoreDataAppTest.xcdatamodel; sourceTree = "<group>"; };
		775F4A6218E2F9B800B79FEF /* Images.xcassets */ = {isa = PBXFileReference; lastKnownFileType = folder.assetcatalog; path = Images.xcassets; sourceTree = "<group>"; };
		775F4A6818E2F9B800B79FEF /* CoreDataAppTestTests.xctest */ = {isa = PBXFileReference; explicitFileType = wrapper.cfbundle; includeInIndex = 0; path = CoreDataAppTestTests.xctest; sourceTree = BUILT_PRODUCTS_DIR; };
		775F4A6918E2F9B800B79FEF /* XCTest.framework */ = {isa = PBXFileReference; lastKnownFileType = wrapper.framework; name = XCTest.framework; path = Library/Frameworks/XCTest.framework; sourceTree = DEVELOPER_DIR; };
		775F4A7218E2F9B800B79FEF /* CoreDataAppTestTests-Info.plist */ = {isa = PBXFileReference; lastKnownFileType = text.plist.xml; path = "CoreDataAppTestTests-Info.plist"; sourceTree = "<group>"; };
		775F4A7418E2F9B800B79FEF /* en */ = {isa = PBXFileReference; lastKnownFileType = text.plist.strings; name = en; path = en.lproj/InfoPlist.strings; sourceTree = "<group>"; };
		775F4A7618E2F9B800B79FEF /* CoreDataAppTestTests.m */ = {isa = PBXFileReference; lastKnownFileType = sourcecode.c.objc; path = CoreDataAppTestTests.m; sourceTree = "<group>"; };
/* End PBXFileReference section */

/* Begin PBXFrameworksBuildPhase section */
		775F4A4518E2F9B700B79FEF /* Frameworks */ = {
			isa = PBXFrameworksBuildPhase;
			buildActionMask = 2147483647;
			files = (
				775F4A4E18E2F9B700B79FEF /* CoreGraphics.framework in Frameworks */,
				775F4A5218E2F9B700B79FEF /* CoreData.framework in Frameworks */,
				775F4A5018E2F9B700B79FEF /* UIKit.framework in Frameworks */,
				775F4A4C18E2F9B700B79FEF /* Foundation.framework in Frameworks */,
			);
			runOnlyForDeploymentPostprocessing = 0;
		};
		775F4A6518E2F9B800B79FEF /* Frameworks */ = {
			isa = PBXFrameworksBuildPhase;
			buildActionMask = 2147483647;
			files = (
				775F4A6A18E2F9B800B79FEF /* XCTest.framework in Frameworks */,
				775F4A6D18E2F9B800B79FEF /* CoreData.framework in Frameworks */,
				775F4A6C18E2F9B800B79FEF /* UIKit.framework in Frameworks */,
				775F4A6B18E2F9B800B79FEF /* Foundation.framework in Frameworks */,
			);
			runOnlyForDeploymentPostprocessing = 0;
		};
/* End PBXFrameworksBuildPhase section */

/* Begin PBXGroup section */
		775F4A3F18E2F9B700B79FEF = {
			isa = PBXGroup;
			children = (
				775F4A5318E2F9B700B79FEF /* CoreDataAppTest */,
				775F4A7018E2F9B800B79FEF /* CoreDataAppTestTests */,
				775F4A4A18E2F9B700B79FEF /* Frameworks */,
				775F4A4918E2F9B700B79FEF /* Products */,
			);
			sourceTree = "<group>";
		};
		775F4A4918E2F9B700B79FEF /* Products */ = {
			isa = PBXGroup;
			children = (
				775F4A4818E2F9B700B79FEF /* CoreDataAppTest.app */,
				775F4A6818E2F9B800B79FEF /* CoreDataAppTestTests.xctest */,
			);
			name = Products;
			sourceTree = "<group>";
		};
		775F4A4A18E2F9B700B79FEF /* Frameworks */ = {
			isa = PBXGroup;
			children = (
				775F4A4B18E2F9B700B79FEF /* Foundation.framework */,
				775F4A4D18E2F9B700B79FEF /* CoreGraphics.framework */,
				775F4A4F18E2F9B700B79FEF /* UIKit.framework */,
				775F4A5118E2F9B700B79FEF /* CoreData.framework */,
				775F4A6918E2F9B800B79FEF /* XCTest.framework */,
			);
			name = Frameworks;
			sourceTree = "<group>";
		};
		775F4A5318E2F9B700B79FEF /* CoreDataAppTest */ = {
			isa = PBXGroup;
			children = (
				775F4A5C18E2F9B800B79FEF /* AppDelegate.h */,
				775F4A5D18E2F9B800B79FEF /* AppDelegate.m */,
				775F4A6218E2F9B800B79FEF /* Images.xcassets */,
				775F4A5F18E2F9B800B79FEF /* CoreDataAppTest.xcdatamodeld */,
				775F4A5418E2F9B700B79FEF /* Supporting Files */,
			);
			path = CoreDataAppTest;
			sourceTree = "<group>";
		};
		775F4A5418E2F9B700B79FEF /* Supporting Files */ = {
			isa = PBXGroup;
			children = (
				775F4A5518E2F9B700B79FEF /* CoreDataAppTest-Info.plist */,
				775F4A5618E2F9B800B79FEF /* InfoPlist.strings */,
				775F4A5918E2F9B800B79FEF /* main.m */,
				775F4A5B18E2F9B800B79FEF /* CoreDataAppTest-Prefix.pch */,
			);
			name = "Supporting Files";
			sourceTree = "<group>";
		};
		775F4A7018E2F9B800B79FEF /* CoreDataAppTestTests */ = {
			isa = PBXGroup;
			children = (
				775F4A7618E2F9B800B79FEF /* CoreDataAppTestTests.m */,
				775F4A7118E2F9B800B79FEF /* Supporting Files */,
			);
			path = CoreDataAppTestTests;
			sourceTree = "<group>";
		};
		775F4A7118E2F9B800B79FEF /* Supporting Files */ = {
			isa = PBXGroup;
			children = (
				775F4A7218E2F9B800B79FEF /* CoreDataAppTestTests-Info.plist */,
				775F4A7318E2F9B800B79FEF /* InfoPlist.strings */,
			);
			name = "Supporting Files";
			sourceTree = "<group>";
		};
/* End PBXGroup section */

/* Begin PBXNativeTarget section */
		775F4A4718E2F9B700B79FEF /* CoreDataAppTest */ = {
			isa = PBXNativeTarget;
			buildConfigurationList = 775F4A7A18E2F9B800B79FEF /* Build configuration list for PBXNativeTarget "CoreDataAppTest" */;
			buildPhases = (
				775F4A4418E2F9B700B79FEF /* Sources */,
				775F4A4518E2F9B700B79FEF /* Frameworks */,
				775F4A4618E2F9B700B79FEF /* Resources */,
			);
			buildRules = (
			);
			dependencies = (
			);
			name = CoreDataAppTest;
			productName = CoreDataAppTest;
			productReference = 775F4A4818E2F9B700B79FEF /* CoreDataAppTest.app */;
			productType = "com.apple.product-type.application";
		};
		775F4A6718E2F9B800B79FEF /* CoreDataAppTestTests */ = {
			isa = PBXNativeTarget;
			buildConfigurationList = 775F4A7D18E2F9B800B79FEF /* Build configuration list for PBXNativeTarget "CoreDataAppTestTests" */;
			buildPhases = (
				775F4A6418E2F9B800B79FEF /* Sources */,
				775F4A6518E2F9B800B79FEF /* Frameworks */,
				775F4A6618E2F9B800B79FEF /* Resources */,
			);
			buildRules = (
			);
			dependencies = (
				775F4A6F18E2F9B800B79FEF /* PBXTargetDependency */,
			);
			name = CoreDataAppTestTests;
			productName = CoreDataAppTestTests;
			productReference = 775F4A6818E2F9B800B79FEF /* CoreDataAppTestTests.xctest */;
			productType = "com.apple.product-type.bundle.unit-test";
		};
/* End PBXNativeTarget section */

/* Begin PBXProject section */
		775F4A4018E2F9B700B79FEF /* Project object */ = {
			isa = PBXProject;
			attributes = {
				LastUpgradeCheck = 0510;
				ORGANIZATIONNAME = "Frank Regel";
				TargetAttributes = {
					775F4A6718E2F9B800B79FEF = {
						TestTargetID = 775F4A4718E2F9B700B79FEF;
					};
				};
			};
			buildConfigurationList = 775F4A4318E2F9B700B79FEF /* Build configuration list for PBXProject "CoreDataAppTest" */;
			compatibilityVersion = "Xcode 3.2";
			developmentRegion = English;
			hasScannedForEncodings = 0;
			knownRegions = (
				en,
			);
			mainGroup = 775F4A3F18E2F9B700B79FEF;
			productRefGroup = 775F4A4918E2F9B700B79FEF /* Products */;
			projectDirPath = "";
			projectRoot = "";
			targets = (
				775F4A4718E2F9B700B79FEF /* CoreDataAppTest */,
				775F4A6718E2F9B800B79FEF /* CoreDataAppTestTests */,
			);
		};
/* End PBXProject section */

/* Begin PBXResourcesBuildPhase section */
		775F4A4618E2F9B700B79FEF /* Resources */ = {
			isa = PBXResourcesBuildPhase;
			buildActionMask = 2147483647;
			files = (
				775F4A5818E2F9B800B79FEF /* InfoPlist.strings in Resources */,
				775F4A6318E2F9B800B79FEF /* Images.xcassets in Resources */,
			);
			runOnlyForDeploymentPostprocessing = 0;
		};
		775F4A6618E2F9B800B79FEF /* Resources */ = {
			isa = PBXResourcesBuildPhase;
			buildActionMask = 2147483647;
			files = (
				775F4A7518E2F9B800B79FEF /* InfoPlist.strings in Resources */,
			);
			runOnlyForDeploymentPostprocessing = 0;
		};
/* End PBXResourcesBuildPhase section */

/* Begin PBXSourcesBuildPhase section */
		775F4A4418E2F9B700B79FEF /* Sources */ = {
			isa = PBXSourcesBuildPhase;
			buildActionMask = 2147483647;
			files = (
				775F4A6118E2F9B800B79FEF /* CoreDataAppTest.xcdatamodeld in Sources */,
				775F4A5E18E2F9B800B79FEF /* AppDelegate.m in Sources */,
				775F4A5A18E2F9B800B79FEF /* main.m in Sources */,
			);
			runOnlyForDeploymentPostprocessing = 0;
		};
		775F4A6418E2F9B800B79FEF /* Sources */ = {
			isa = PBXSourcesBuildPhase;
			buildActionMask = 2147483647;
			files = (
				775F4A7718E2F9B800B79FEF /* CoreDataAppTestTests.m in Sources */,
			);
			runOnlyForDeploymentPostprocessing = 0;
		};
/* End PBXSourcesBuildPhase section */

/* Begin PBXTargetDependency section */
		775F4A6F18E2F9B800B79FEF /* PBXTargetDependency */ = {
			isa = PBXTargetDependency;
			target = 775F4A4718E2F9B700B79FEF /* CoreDataAppTest */;
			targetProxy = 775F4A6E18E2F9B800B79FEF /* PBXContainerItemProxy */;
		};
/* End PBXTargetDependency section */

/* Begin PBXVariantGroup section */
		775F4A5618E2F9B800B79FEF /* InfoPlist.strings */ = {
			isa = PBXVariantGroup;
			children = (
				775F4A5718E2F9B800B79FEF /* en */,
			);
			name = InfoPlist.strings;
			sourceTree = "<group>";
		};
		775F4A7318E2F9B800B79FEF /* InfoPlist.strings */ = {
			isa = PBXVariantGroup;
			children = (
				775F4A7418E2F9B800B79FEF /* en */,
			);
			name = InfoPlist.strings;
			sourceTree = "<group>";
		};
/* End PBXVariantGroup section */

/* Begin XCBuildConfiguration section */
		775F4A7818E2F9B800B79FEF /* Debug */ = {
			isa = XCBuildConfiguration;
			buildSettings = {
				ALWAYS_SEARCH_USER_PATHS = NO;
				CLANG_CXX_LANGUAGE_STANDARD = "gnu++0x";
				CLANG_CXX_LIBRARY = "libc++";
				CLANG_ENABLE_MODULES = YES;
				CLANG_ENABLE_OBJC_ARC = YES;
				CLANG_WARN_BOOL_CONVERSION = YES;
				CLANG_WARN_CONSTANT_CONVERSION = YES;
				CLANG_WARN_DIRECT_OBJC_ISA_USAGE = YES_ERROR;
				CLANG_WARN_EMPTY_BODY = YES;
				CLANG_WARN_ENUM_CONVERSION = YES;
				CLANG_WARN_INT_CONVERSION = YES;
				CLANG_WARN_OBJC_ROOT_CLASS = YES_ERROR;
				CLANG_WARN__DUPLICATE_METHOD_MATCH = YES;
				"CODE_SIGN_IDENTITY[sdk=iphoneos*]" = "iPhone Developer";
				COPY_PHASE_STRIP = NO;
				GCC_C_LANGUAGE_STANDARD = gnu99;
				GCC_DYNAMIC_NO_PIC = NO;
				GCC_OPTIMIZATION_LEVEL = 0;
				GCC_PREPROCESSOR_DEFINITIONS = (
					"DEBUG=1",
					"$(inherited)",
				);
				GCC_SYMBOLS_PRIVATE_EXTERN = NO;
				GCC_WARN_64_TO_32_BIT_CONVERSION = YES;
				GCC_WARN_ABOUT_RETURN_TYPE = YES_ERROR;
				GCC_WARN_UNDECLARED_SELECTOR = YES;
				GCC_WARN_UNINITIALIZED_AUTOS = YES_AGGRESSIVE;
				GCC_WARN_UNUSED_FUNCTION = YES;
				GCC_WARN_UNUSED_VARIABLE = YES;
				IPHONEOS_DEPLOYMENT_TARGET = 7.1;
				ONLY_ACTIVE_ARCH = YES;
				SDKROOT = iphoneos;
			};
			name = Debug;
		};
		775F4A7918E2F9B800B79FEF /* Release */ = {
			isa = XCBuildConfiguration;
			buildSettings = {
				ALWAYS_SEARCH_USER_PATHS = NO;
				CLANG_CXX_LANGUAGE_STANDARD = "gnu++0x";
				CLANG_CXX_LIBRARY = "libc++";
				CLANG_ENABLE_MODULES = YES;
				CLANG_ENABLE_OBJC_ARC = YES;
				CLANG_WARN_BOOL_CONVERSION = YES;
				CLANG_WARN_CONSTANT_CONVERSION = YES;
				CLANG_WARN_DIRECT_OBJC_ISA_USAGE = YES_ERROR;
				CLANG_WARN_EMPTY_BODY = YES;
				CLANG_WARN_ENUM_CONVERSION = YES;
				CLANG_WARN_INT_CONVERSION = YES;
				CLANG_WARN_OBJC_ROOT_CLASS = YES_ERROR;
				CLANG_WARN__DUPLICATE_METHOD_MATCH = YES;
				"CODE_SIGN_IDENTITY[sdk=iphoneos*]" = "iPhone Developer";
				COPY_PHASE_STRIP = YES;
				ENABLE_NS_ASSERTIONS = NO;
				GCC_C_LANGUAGE_STANDARD = gnu99;
				GCC_WARN_64_TO_32_BIT_CONVERSION = YES;
				GCC_WARN_ABOUT_RETURN_TYPE = YES_ERROR;
				GCC_WARN_UNDECLARED_SELECTOR = YES;
				GCC_WARN_UNINITIALIZED_AUTOS = YES_AGGRESSIVE;
				GCC_WARN_UNUSED_FUNCTION = YES;
				GCC_WARN_UNUSED_VARIABLE = YES;
				IPHONEOS_DEPLOYMENT_TARGET = 7.1;
				SDKROOT = iphoneos;
				VALIDATE_PRODUCT = YES;
			};
			name = Release;
		};
		775F4A7B18E2F9B800B79FEF /* Debug */ = {
			isa = XCBuildConfiguration;
			buildSettings = {
				ASSETCATALOG_COMPILER_APPICON_NAME = AppIcon;
				ASSETCATALOG_COMPILER_LAUNCHIMAGE_NAME = LaunchImage;
				GCC_PRECOMPILE_PREFIX_HEADER = YES;
				GCC_PREFIX_HEADER = "CoreDataAppTest/CoreDataAppTest-Prefix.pch";
				INFOPLIST_FILE = "CoreDataAppTest/CoreDataAppTest-Info.plist";
				PRODUCT_NAME = "$(TARGET_NAME)";
				WRAPPER_EXTENSION = app;
			};
			name = Debug;
		};
		775F4A7C18E2F9B800B79FEF /* Release */ = {
			isa = XCBuildConfiguration;
			buildSettings = {
				ASSETCATALOG_COMPILER_APPICON_NAME = AppIcon;
				ASSETCATALOG_COMPILER_LAUNCHIMAGE_NAME = LaunchImage;
				GCC_PRECOMPILE_PREFIX_HEADER = YES;
				GCC_PREFIX_HEADER = "CoreDataAppTest/CoreDataAppTest-Prefix.pch";
				INFOPLIST_FILE = "CoreDataAppTest/CoreDataAppTest-Info.plist";
				PRODUCT_NAME = "$(TARGET_NAME)";
				WRAPPER_EXTENSION = app;
			};
			name = Release;
		};
		775F4A7E18E2F9B800B79FEF /* Debug */ = {
			isa = XCBuildConfiguration;
			buildSettings = {
				BUNDLE_LOADER = "$(BUILT_PRODUCTS_DIR)/CoreDataAppTest.app/CoreDataAppTest";
				FRAMEWORK_SEARCH_PATHS = (
					"$(SDKROOT)/Developer/Library/Frameworks",
					"$(inherited)",
					"$(DEVELOPER_FRAMEWORKS_DIR)",
				);
				GCC_PRECOMPILE_PREFIX_HEADER = YES;
				GCC_PREFIX_HEADER = "CoreDataAppTest/CoreDataAppTest-Prefix.pch";
				GCC_PREPROCESSOR_DEFINITIONS = (
					"DEBUG=1",
					"$(inherited)",
				);
				INFOPLIST_FILE = "CoreDataAppTestTests/CoreDataAppTestTests-Info.plist";
				PRODUCT_NAME = "$(TARGET_NAME)";
				TEST_HOST = "$(BUNDLE_LOADER)";
				WRAPPER_EXTENSION = xctest;
			};
			name = Debug;
		};
		775F4A7F18E2F9B800B79FEF /* Release */ = {
			isa = XCBuildConfiguration;
			buildSettings = {
				BUNDLE_LOADER = "$(BUILT_PRODUCTS_DIR)/CoreDataAppTest.app/CoreDataAppTest";
				FRAMEWORK_SEARCH_PATHS = (
					"$(SDKROOT)/Developer/Library/Frameworks",
					"$(inherited)",
					"$(DEVELOPER_FRAMEWORKS_DIR)",
				);
				GCC_PRECOMPILE_PREFIX_HEADER = YES;
				GCC_PREFIX_HEADER = "CoreDataAppTest/CoreDataAppTest-Prefix.pch";
				INFOPLIST_FILE = "CoreDataAppTestTests/CoreDataAppTestTests-Info.plist";
				PRODUCT_NAME = "$(TARGET_NAME)";
				TEST_HOST = "$(BUNDLE_LOADER)";
				WRAPPER_EXTENSION = xctest;
			};
			name = Release;
		};
/* End XCBuildConfiguration section */

/* Begin XCConfigurationList section */
		775F4A4318E2F9B700B79FEF /* Build configuration list for PBXProject "CoreDataAppTest" */ = {
			isa = XCConfigurationList;
			buildConfigurations = (
				775F4A7818E2F9B800B79FEF /* Debug */,
				775F4A7918E2F9B800B79FEF /* Release */,
			);
			defaultConfigurationIsVisible = 0;
			defaultConfigurationName = Release;
		};
		775F4A7A18E2F9B800B79FEF /* Build configuration list for PBXNativeTarget "CoreDataAppTest" */ = {
			isa = XCConfigurationList;
			buildConfigurations = (
				775F4A7B18E2F9B800B79FEF /* Debug */,
				775F4A7C18E2F9B800B79FEF /* Release */,
			);
			defaultConfigurationIsVisible = 0;
		};
		775F4A7D18E2F9B800B79FEF /* Build configuration list for PBXNativeTarget "CoreDataAppTestTests" */ = {
			isa = XCConfigurationList;
			buildConfigurations = (
				775F4A7E18E2F9B800B79FEF /* Debug */,
				775F4A7F18E2F9B800B79FEF /* Release */,
			);
			defaultConfigurationIsVisible = 0;
		};
/* End XCConfigurationList section */

/* Begin XCVersionGroup section */
		775F4A5F18E2F9B800B79FEF /* CoreDataAppTest.xcdatamodeld */ = {
			isa = XCVersionGroup;
			children = (
				775F4A6018E2F9B800B79FEF /* CoreDataAppTest.xcdatamodel */,
			);
			currentVersion = 775F4A6018E2F9B800B79FEF /* CoreDataAppTest.xcdatamodel */;
			path = CoreDataAppTest.xcdatamodeld;
			sourceTree = "<group>";
			versionGroupType = wrapper.xcdatamodel;
		};
/* End XCVersionGroup section */
	};
	rootObject = 775F4A4018E2F9B700B79FEF /* Project object */;
}
